// !$*UTF8*$!
{
	archiveVersion = 1;
	classes = {
	};
	objectVersion = 46;
	objects = {

/* Begin PBXBuildFile section */
		23FDD1551E546EC6004BA70A /* main.m in Sources */ = {isa = PBXBuildFile; fileRef = 23FDD1541E546EC6004BA70A /* main.m */; };
		23FDD1581E546EC6004BA70A /* AppDelegate.m in Sources */ = {isa = PBXBuildFile; fileRef = 23FDD1571E546EC6004BA70A /* AppDelegate.m */; };
		23FDD15B1E546EC6004BA70A /* ViewController.m in Sources */ = {isa = PBXBuildFile; fileRef = 23FDD15A1E546EC6004BA70A /* ViewController.m */; };
		23FDD15E1E546EC6004BA70A /* Main.storyboard in Resources */ = {isa = PBXBuildFile; fileRef = 23FDD15C1E546EC6004BA70A /* Main.storyboard */; };
		23FDD1601E546EC6004BA70A /* Assets.xcassets in Resources */ = {isa = PBXBuildFile; fileRef = 23FDD15F1E546EC6004BA70A /* Assets.xcassets */; };
		23FDD1631E546EC6004BA70A /* LaunchScreen.storyboard in Resources */ = {isa = PBXBuildFile; fileRef = 23FDD1611E546EC6004BA70A /* LaunchScreen.storyboard */; };
		23FDD16C1E546EF5004BA70A /* Person.m in Sources */ = {isa = PBXBuildFile; fileRef = 23FDD16B1E546EF5004BA70A /* Person.m */; };
		23FDD1721E556419004BA70A /* Person+Dynamic.m in Sources */ = {isa = PBXBuildFile; fileRef = 23FDD1711E556419004BA70A /* Person+Dynamic.m */; };
		23FDD1751E557D71004BA70A /* NSMutableArray+Dynamic.m in Sources */ = {isa = PBXBuildFile; fileRef = 23FDD1741E557D71004BA70A /* NSMutableArray+Dynamic.m */; };
		23FDD1781E558F59004BA70A /* Animal.m in Sources */ = {isa = PBXBuildFile; fileRef = 23FDD1771E558F59004BA70A /* Animal.m */; };
/* End PBXBuildFile section */

/* Begin PBXFileReference section */
		23FDD1501E546EC6004BA70A /* RuntimeDemo.app */ = {isa = PBXFileReference; explicitFileType = wrapper.application; includeInIndex = 0; path = RuntimeDemo.app; sourceTree = BUILT_PRODUCTS_DIR; };
		23FDD1541E546EC6004BA70A /* main.m */ = {isa = PBXFileReference; lastKnownFileType = sourcecode.c.objc; path = main.m; sourceTree = "<group>"; };
		23FDD1561E546EC6004BA70A /* AppDelegate.h */ = {isa = PBXFileReference; lastKnownFileType = sourcecode.c.h; path = AppDelegate.h; sourceTree = "<group>"; };
		23FDD1571E546EC6004BA70A /* AppDelegate.m */ = {isa = PBXFileReference; lastKnownFileType = sourcecode.c.objc; path = AppDelegate.m; sourceTree = "<group>"; };
		23FDD1591E546EC6004BA70A /* ViewController.h */ = {isa = PBXFileReference; lastKnownFileType = sourcecode.c.h; path = ViewController.h; sourceTree = "<group>"; };
		23FDD15A1E546EC6004BA70A /* ViewController.m */ = {isa = PBXFileReference; lastKnownFileType = sourcecode.c.objc; path = ViewController.m; sourceTree = "<group>"; };
		23FDD15D1E546EC6004BA70A /* Base */ = {isa = PBXFileReference; lastKnownFileType = file.storyboard; name = Base; path = Base.lproj/Main.storyboard; sourceTree = "<group>"; };
		23FDD15F1E546EC6004BA70A /* Assets.xcassets */ = {isa = PBXFileReference; lastKnownFileType = folder.assetcatalog; path = Assets.xcassets; sourceTree = "<group>"; };
		23FDD1621E546EC6004BA70A /* Base */ = {isa = PBXFileReference; lastKnownFileType = file.storyboard; name = Base; path = Base.lproj/LaunchScreen.storyboard; sourceTree = "<group>"; };
		23FDD1641E546EC6004BA70A /* Info.plist */ = {isa = PBXFileReference; lastKnownFileType = text.plist.xml; path = Info.plist; sourceTree = "<group>"; };
		23FDD16A1E546EF5004BA70A /* Person.h */ = {isa = PBXFileReference; fileEncoding = 4; lastKnownFileType = sourcecode.c.h; path = Person.h; sourceTree = "<group>"; };
		23FDD16B1E546EF5004BA70A /* Person.m */ = {isa = PBXFileReference; fileEncoding = 4; lastKnownFileType = sourcecode.c.objc; path = Person.m; sourceTree = "<group>"; };
		23FDD1701E556419004BA70A /* Person+Dynamic.h */ = {isa = PBXFileReference; fileEncoding = 4; lastKnownFileType = sourcecode.c.h; path = "Person+Dynamic.h"; sourceTree = "<group>"; };
		23FDD1711E556419004BA70A /* Person+Dynamic.m */ = {isa = PBXFileReference; fileEncoding = 4; lastKnownFileType = sourcecode.c.objc; path = "Person+Dynamic.m"; sourceTree = "<group>"; };
		23FDD1731E557D71004BA70A /* NSMutableArray+Dynamic.h */ = {isa = PBXFileReference; fileEncoding = 4; lastKnownFileType = sourcecode.c.h; path = "NSMutableArray+Dynamic.h"; sourceTree = "<group>"; };
		23FDD1741E557D71004BA70A /* NSMutableArray+Dynamic.m */ = {isa = PBXFileReference; fileEncoding = 4; lastKnownFileType = sourcecode.c.objc; path = "NSMutableArray+Dynamic.m"; sourceTree = "<group>"; };
		23FDD1761E558F59004BA70A /* Animal.h */ = {isa = PBXFileReference; fileEncoding = 4; lastKnownFileType = sourcecode.c.h; path = Animal.h; sourceTree = "<group>"; };
		23FDD1771E558F59004BA70A /* Animal.m */ = {isa = PBXFileReference; fileEncoding = 4; lastKnownFileType = sourcecode.c.objc; path = Animal.m; sourceTree = "<group>"; };
/* End PBXFileReference section */

/* Begin PBXFrameworksBuildPhase section */
		23FDD14D1E546EC6004BA70A /* Frameworks */ = {
			isa = PBXFrameworksBuildPhase;
			buildActionMask = 2147483647;
			files = (
			);
			runOnlyForDeploymentPostprocessing = 0;
		};
/* End PBXFrameworksBuildPhase section */

/* Begin PBXGroup section */
		23FDD1471E546EC6004BA70A = {
			isa = PBXGroup;
			children = (
				23FDD1521E546EC6004BA70A /* RuntimeDemo */,
				23FDD1511E546EC6004BA70A /* Products */,
			);
			sourceTree = "<group>";
		};
		23FDD1511E546EC6004BA70A /* Products */ = {
			isa = PBXGroup;
			children = (
				23FDD1501E546EC6004BA70A /* RuntimeDemo.app */,
			);
			name = Products;
			sourceTree = "<group>";
		};
		23FDD1521E546EC6004BA70A /* RuntimeDemo */ = {
			isa = PBXGroup;
			children = (
				23FDD1561E546EC6004BA70A /* AppDelegate.h */,
				23FDD1571E546EC6004BA70A /* AppDelegate.m */,
				23FDD16A1E546EF5004BA70A /* Person.h */,
				23FDD16B1E546EF5004BA70A /* Person.m */,
				23FDD1701E556419004BA70A /* Person+Dynamic.h */,
				23FDD1711E556419004BA70A /* Person+Dynamic.m */,
				23FDD1731E557D71004BA70A /* NSMutableArray+Dynamic.h */,
				23FDD1741E557D71004BA70A /* NSMutableArray+Dynamic.m */,
				23FDD1761E558F59004BA70A /* Animal.h */,
				23FDD1771E558F59004BA70A /* Animal.m */,
				23FDD1591E546EC6004BA70A /* ViewController.h */,
				23FDD15A1E546EC6004BA70A /* ViewController.m */,
				23FDD15C1E546EC6004BA70A /* Main.storyboard */,
				23FDD15F1E546EC6004BA70A /* Assets.xcassets */,
				23FDD1611E546EC6004BA70A /* LaunchScreen.storyboard */,
				23FDD1641E546EC6004BA70A /* Info.plist */,
				23FDD1531E546EC6004BA70A /* Supporting Files */,
			);
			path = RuntimeDemo;
			sourceTree = "<group>";
		};
		23FDD1531E546EC6004BA70A /* Supporting Files */ = {
			isa = PBXGroup;
			children = (
				23FDD1541E546EC6004BA70A /* main.m */,
			);
			name = "Supporting Files";
			sourceTree = "<group>";
		};
/* End PBXGroup section */

/* Begin PBXNativeTarget section */
		23FDD14F1E546EC6004BA70A /* RuntimeDemo */ = {
			isa = PBXNativeTarget;
			buildConfigurationList = 23FDD1671E546EC6004BA70A /* Build configuration list for PBXNativeTarget "RuntimeDemo" */;
			buildPhases = (
				23FDD14C1E546EC6004BA70A /* Sources */,
				23FDD14D1E546EC6004BA70A /* Frameworks */,
				23FDD14E1E546EC6004BA70A /* Resources */,
			);
			buildRules = (
			);
			dependencies = (
			);
			name = RuntimeDemo;
			productName = RuntimeDemo;
			productReference = 23FDD1501E546EC6004BA70A /* RuntimeDemo.app */;
			productType = "com.apple.product-type.application";
		};
/* End PBXNativeTarget section */

/* Begin PBXProject section */
		23FDD1481E546EC6004BA70A /* Project object */ = {
			isa = PBXProject;
			attributes = {
				LastUpgradeCheck = 0820;
				ORGANIZATIONNAME = Jin;
				TargetAttributes = {
					23FDD14F1E546EC6004BA70A = {
						CreatedOnToolsVersion = 8.2.1;
						DevelopmentTeam = 6VG2BS6ZJU;
						ProvisioningStyle = Automatic;
					};
				};
			};
			buildConfigurationList = 23FDD14B1E546EC6004BA70A /* Build configuration list for PBXProject "RuntimeDemo" */;
			compatibilityVersion = "Xcode 3.2";
			developmentRegion = English;
			hasScannedForEncodings = 0;
			knownRegions = (
				en,
				Base,
			);
			mainGroup = 23FDD1471E546EC6004BA70A;
			productRefGroup = 23FDD1511E546EC6004BA70A /* Products */;
			projectDirPath = "";
			projectRoot = "";
			targets = (
				23FDD14F1E546EC6004BA70A /* RuntimeDemo */,
			);
		};
/* End PBXProject section */

/* Begin PBXResourcesBuildPhase section */
		23FDD14E1E546EC6004BA70A /* Resources */ = {
			isa = PBXResourcesBuildPhase;
			buildActionMask = 2147483647;
			files = (
				23FDD1631E546EC6004BA70A /* LaunchScreen.storyboard in Resources */,
				23FDD1601E546EC6004BA70A /* Assets.xcassets in Resources */,
				23FDD15E1E546EC6004BA70A /* Main.storyboard in Resources */,
			);
			runOnlyForDeploymentPostprocessing = 0;
		};
/* End PBXResourcesBuildPhase section */

/* Begin PBXSourcesBuildPhase section */
		23FDD14C1E546EC6004BA70A /* Sources */ = {
			isa = PBXSourcesBuildPhase;
			buildActionMask = 2147483647;
			files = (
				23FDD1721E556419004BA70A /* Person+Dynamic.m in Sources */,
				23FDD15B1E546EC6004BA70A /* ViewController.m in Sources */,
				23FDD1751E557D71004BA70A /* NSMutableArray+Dynamic.m in Sources */,
				23FDD1581E546EC6004BA70A /* AppDelegate.m in Sources */,
				23FDD1781E558F59004BA70A /* Animal.m in Sources */,
				23FDD16C1E546EF5004BA70A /* Person.m in Sources */,
				23FDD1551E546EC6004BA70A /* main.m in Sources */,
			);
			runOnlyForDeploymentPostprocessing = 0;
		};
/* End PBXSourcesBuildPhase section */

/* Begin PBXVariantGroup section */
		23FDD15C1E546EC6004BA70A /* Main.storyboard */ = {
			isa = PBXVariantGroup;
			children = (
				23FDD15D1E546EC6004BA70A /* Base */,
			);
			name = Main.storyboard;
			sourceTree = "<group>";
		};
		23FDD1611E546EC6004BA70A /* LaunchScreen.storyboard */ = {
			isa = PBXVariantGroup;
			children = (
				23FDD1621E546EC6004BA70A /* Base */,
			);
			name = LaunchScreen.storyboard;
			sourceTree = "<group>";
		};
/* End PBXVariantGroup section */

/* Begin XCBuildConfiguration section */
		23FDD1651E546EC6004BA70A /* Debug */ = {
			isa = XCBuildConfiguration;
			buildSettings = {
				ALWAYS_SEARCH_USER_PATHS = NO;
				CLANG_ANALYZER_NONNULL = YES;
				CLANG_CXX_LANGUAGE_STANDARD = "gnu++0x";
				CLANG_CXX_LIBRARY = "libc++";
				CLANG_ENABLE_MODULES = YES;
				CLANG_ENABLE_OBJC_ARC = YES;
				CLANG_WARN_BOOL_CONVERSION = YES;
				CLANG_WARN_CONSTANT_CONVERSION = YES;
				CLANG_WARN_DIRECT_OBJC_ISA_USAGE = YES_ERROR;
				CLANG_WARN_DOCUMENTATION_COMMENTS = YES;
				CLANG_WARN_EMPTY_BODY = YES;
				CLANG_WARN_ENUM_CONVERSION = YES;
				CLANG_WARN_INFINITE_RECURSION = YES;
				CLANG_WARN_INT_CONVERSION = YES;
				CLANG_WARN_OBJC_ROOT_CLASS = YES_ERROR;
				CLANG_WARN_SUSPICIOUS_MOVE = YES;
				CLANG_WARN_UNREACHABLE_CODE = YES;
				CLANG_WARN__DUPLICATE_METHOD_MATCH = YES;
				"CODE_SIGN_IDENTITY[sdk=iphoneos*]" = "iPhone Developer";
				COPY_PHASE_STRIP = NO;
				DEBUG_INFORMATION_FORMAT = dwarf;
				ENABLE_STRICT_OBJC_MSGSEND = YES;
				ENABLE_TESTABILITY = YES;
				GCC_C_LANGUAGE_STANDARD = gnu99;
				GCC_DYNAMIC_NO_PIC = NO;
				GCC_NO_COMMON_BLOCKS = YES;
				GCC_OPTIMIZATION_LEVEL = 0;
				GCC_PREPROCESSOR_DEFINITIONS = (
					"DEBUG=1",
					"$(inherited)",
				);
				GCC_WARN_64_TO_32_BIT_CONVERSION = YES;
				GCC_WARN_ABOUT_RETURN_TYPE = YES_ERROR;
				GCC_WARN_UNDECLARED_SELECTOR = YES;
				GCC_WARN_UNINITIALIZED_AUTOS = YES_AGGRESSIVE;
				GCC_WARN_UNUSED_FUNCTION = YES;
				GCC_WARN_UNUSED_VARIABLE = YES;
				IPHONEOS_DEPLOYMENT_TARGET = 10.2;
				MTL_ENABLE_DEBUG_INFO = YES;
				ONLY_ACTIVE_ARCH = YES;
				SDKROOT = iphoneos;
			};
			name = Debug;
		};
		23FDD1661E546EC6004BA70A /* Release */ = {
			isa = XCBuildConfiguration;
			buildSettings = {
				ALWAYS_SEARCH_USER_PATHS = NO;
				CLANG_ANALYZER_NONNULL = YES;
				CLANG_CXX_LANGUAGE_STANDARD = "gnu++0x";
				CLANG_CXX_LIBRARY = "libc++";
				CLANG_ENABLE_MODULES = YES;
				CLANG_ENABLE_OBJC_ARC = YES;
				CLANG_WARN_BOOL_CONVERSION = YES;
				CLANG_WARN_CONSTANT_CONVERSION = YES;
				CLANG_WARN_DIRECT_OBJC_ISA_USAGE = YES_ERROR;
				CLANG_WARN_DOCUMENTATION_COMMENTS = YES;
				CLANG_WARN_EMPTY_BODY = YES;
				CLANG_WARN_ENUM_CONVERSION = YES;
				CLANG_WARN_INFINITE_RECURSION = YES;
				CLANG_WARN_INT_CONVERSION = YES;
				CLANG_WARN_OBJC_ROOT_CLASS = YES_ERROR;
				CLANG_WARN_SUSPICIOUS_MOVE = YES;
				CLANG_WARN_UNREACHABLE_CODE = YES;
				CLANG_WARN__DUPLICATE_METHOD_MATCH = YES;
				"CODE_SIGN_IDENTITY[sdk=iphoneos*]" = "iPhone Developer";
				COPY_PHASE_STRIP = NO;
				DEBUG_INFORMATION_FORMAT = "dwarf-with-dsym";
				ENABLE_NS_ASSERTIONS = NO;
				ENABLE_STRICT_OBJC_MSGSEND = YES;
				GCC_C_LANGUAGE_STANDARD = gnu99;
				GCC_NO_COMMON_BLOCKS = YES;
				GCC_WARN_64_TO_32_BIT_CONVERSION = YES;
				GCC_WARN_ABOUT_RETURN_TYPE = YES_ERROR;
				GCC_WARN_UNDECLARED_SELECTOR = YES;
				GCC_WARN_UNINITIALIZED_AUTOS = YES_AGGRESSIVE;
				GCC_WARN_UNUSED_FUNCTION = YES;
				GCC_WARN_UNUSED_VARIABLE = YES;
				IPHONEOS_DEPLOYMENT_TARGET = 10.2;
				MTL_ENABLE_DEBUG_INFO = NO;
				SDKROOT = iphoneos;
				VALIDATE_PRODUCT = YES;
			};
			name = Release;
		};
		23FDD1681E546EC6004BA70A /* Debug */ = {
			isa = XCBuildConfiguration;
			buildSettings = {
				ASSETCATALOG_COMPILER_APPICON_NAME = AppIcon;
				DEVELOPMENT_TEAM = 6VG2BS6ZJU;
				INFOPLIST_FILE = RuntimeDemo/Info.plist;
				LD_RUNPATH_SEARCH_PATHS = "$(inherited) @executable_path/Frameworks";
				PRODUCT_BUNDLE_IDENTIFIER = com.ufunnetwork.RuntimeDemo;
				PRODUCT_NAME = "$(TARGET_NAME)";
			};
			name = Debug;
		};
		23FDD1691E546EC6004BA70A /* Release */ = {
			isa = XCBuildConfiguration;
			buildSettings = {
				ASSETCATALOG_COMPILER_APPICON_NAME = AppIcon;
				DEVELOPMENT_TEAM = 6VG2BS6ZJU;
				INFOPLIST_FILE = RuntimeDemo/Info.plist;
				LD_RUNPATH_SEARCH_PATHS = "$(inherited) @executable_path/Frameworks";
				PRODUCT_BUNDLE_IDENTIFIER = com.ufunnetwork.RuntimeDemo;
				PRODUCT_NAME = "$(TARGET_NAME)";
			};
			name = Release;
		};
/* End XCBuildConfiguration section */

/* Begin XCConfigurationList section */
		23FDD14B1E546EC6004BA70A /* Build configuration list for PBXProject "RuntimeDemo" */ = {
			isa = XCConfigurationList;
			buildConfigurations = (
				23FDD1651E546EC6004BA70A /* Debug */,
				23FDD1661E546EC6004BA70A /* Release */,
			);
			defaultConfigurationIsVisible = 0;
			defaultConfigurationName = Release;
		};
		23FDD1671E546EC6004BA70A /* Build configuration list for PBXNativeTarget "RuntimeDemo" */ = {
			isa = XCConfigurationList;
			buildConfigurations = (
				23FDD1681E546EC6004BA70A /* Debug */,
				23FDD1691E546EC6004BA70A /* Release */,
			);
			defaultConfigurationIsVisible = 0;
		};
/* End XCConfigurationList section */
	};
	rootObject = 23FDD1481E546EC6004BA70A /* Project object */;
}
